// !$*UTF8*$!
{
	archiveVersion = 1;
	classes = {
	};
	objectVersion = 46;
	objects = {

/* Begin PBXFileReference section */
		046A57AE18B8307E00F250F9 /* bisearchtree.h */ = {isa = PBXFileReference; lastKnownFileType = sourcecode.c.h; path = bisearchtree.h; sourceTree = "<group>"; };
		046A57AF18B8309000F250F9 /* bisearchtree.c */ = {isa = PBXFileReference; lastKnownFileType = sourcecode.c.c; path = bisearchtree.c; sourceTree = "<group>"; };
		046A57B018B834A400F250F9 /* README.md */ = {isa = PBXFileReference; lastKnownFileType = text; path = README.md; sourceTree = "<group>"; };
		046A57B118B8351600F250F9 /* main.c */ = {isa = PBXFileReference; lastKnownFileType = sourcecode.c.c; path = main.c; sourceTree = "<group>"; };
/* End PBXFileReference section */

/* Begin PBXGroup section */
		046A57A718B82FFF00F250F9 = {
			isa = PBXGroup;
			children = (
				046A57B018B834A400F250F9 /* README.md */,
				046A57AE18B8307E00F250F9 /* bisearchtree.h */,
				046A57AF18B8309000F250F9 /* bisearchtree.c */,
				046A57B118B8351600F250F9 /* main.c */,
			);
			sourceTree = "<group>";
		};
/* End PBXGroup section */

/* Begin PBXProject section */
		046A57A818B82FFF00F250F9 /* Project object */ = {
			isa = PBXProject;
			attributes = {
				LastUpgradeCheck = 0500;
			};
			buildConfigurationList = 046A57AB18B82FFF00F250F9 /* Build configuration list for PBXProject "BiSearchTree" */;
			compatibilityVersion = "Xcode 3.2";
			developmentRegion = English;
			hasScannedForEncodings = 0;
			knownRegions = (
				en,
			);
			mainGroup = 046A57A718B82FFF00F250F9;
			projectDirPath = "";
			projectRoot = "";
			targets = (
			);
		};
/* End PBXProject section */

/* Begin XCBuildConfiguration section */
		046A57AC18B82FFF00F250F9 /* Debug */ = {
			isa = XCBuildConfiguration;
			buildSettings = {
			};
			name = Debug;
		};
		046A57AD18B82FFF00F250F9 /* Release */ = {
			isa = XCBuildConfiguration;
			buildSettings = {
			};
			name = Release;
		};
/* End XCBuildConfiguration section */

/* Begin XCConfigurationList section */
		046A57AB18B82FFF00F250F9 /* Build configuration list for PBXProject "BiSearchTree" */ = {
			isa = XCConfigurationList;
			buildConfigurations = (
				046A57AC18B82FFF00F250F9 /* Debug */,
				046A57AD18B82FFF00F250F9 /* Release */,
			);
			defaultConfigurationIsVisible = 0;
			defaultConfigurationName = Release;
		};
/* End XCConfigurationList section */
	};
	rootObject = 046A57A818B82FFF00F250F9 /* Project object */;
}
